
Microsoft Visual Studio Solution File, Format Version 12.00
# Visual Studio Version 16
VisualStudioVersion = 16.0.31605.320
MinimumVisualStudioVersion = 10.0.40219.1
Project("{FAE04EC0-301F-11D3-BF4B-00C04F79EFBC}") = "CadastroDeProdutos", "CadastroDeProdutos\CadastroDeProdutos.csproj", "{1DDED757-43A1-4857-B98B-0E1005C23B45}"
EndProject
Global
	GlobalSection(SolutionConfigurationPlatforms) = preSolution
		Debug|Any CPU = Debug|Any CPU
		Release|Any CPU = Release|Any CPU
	EndGlobalSection
	GlobalSection(ProjectConfigurationPlatforms) = postSolution
		{1DDED757-43A1-4857-B98B-0E1005C23B45}.Debug|Any CPU.ActiveCfg = Debug|Any CPU
		{1DDED757-43A1-4857-B98B-0E1005C23B45}.Debug|Any CPU.Build.0 = Debug|Any CPU
		{1DDED757-43A1-4857-B98B-0E1005C23B45}.Release|Any CPU.ActiveCfg = Release|Any CPU
		{1DDED757-43A1-4857-B98B-0E1005C23B45}.Release|Any CPU.Build.0 = Release|Any CPU
	EndGlobalSection
	GlobalSection(SolutionProperties) = preSolution
		HideSolutionNode = FALSE
	EndGlobalSection
	GlobalSection(ExtensibilityGlobals) = postSolution
		SolutionGuid = {0FB58F8E-0FD0-4F3F-854F-413BAD49AE92}
	EndGlobalSection
EndGlobal
